// !$*UTF8*$!
{
	archiveVersion = 1;
	classes = {
	};
	objectVersion = 46;
	objects = {

/* Begin PBXBuildFile section */
		4747CC98BCE84C8E5B05336E /* Pods_TrueLink.framework in Frameworks */ = {isa = PBXBuildFile; fileRef = 7909133C9C74E9D0C5C3E715 /* Pods_TrueLink.framework */; };
		4D1DC8EC200CB0AE0004675F /* AppDelegate.swift in Sources */ = {isa = PBXBuildFile; fileRef = 4D1DC8EB200CB0AE0004675F /* AppDelegate.swift */; };
		4D1DC8F1200CB0AE0004675F /* Main.storyboard in Resources */ = {isa = PBXBuildFile; fileRef = 4D1DC8EF200CB0AE0004675F /* Main.storyboard */; };
		4D1DC8F4200CB0AE0004675F /* TrueLink.xcdatamodeld in Sources */ = {isa = PBXBuildFile; fileRef = 4D1DC8F2200CB0AE0004675F /* TrueLink.xcdatamodeld */; };
		4D1DC8F6200CB0AE0004675F /* Assets.xcassets in Resources */ = {isa = PBXBuildFile; fileRef = 4D1DC8F5200CB0AE0004675F /* Assets.xcassets */; };
		4D1DC8F9200CB0AE0004675F /* LaunchScreen.storyboard in Resources */ = {isa = PBXBuildFile; fileRef = 4D1DC8F7200CB0AE0004675F /* LaunchScreen.storyboard */; };
		4D1DC904200CB0AE0004675F /* TrueLinkTests.swift in Sources */ = {isa = PBXBuildFile; fileRef = 4D1DC903200CB0AE0004675F /* TrueLinkTests.swift */; };
		4D1DC90F200CB0AE0004675F /* TrueLinkUITests.swift in Sources */ = {isa = PBXBuildFile; fileRef = 4D1DC90E200CB0AE0004675F /* TrueLinkUITests.swift */; };
		4D1DC922200CB2890004675F /* UIColor+TLColors.swift in Sources */ = {isa = PBXBuildFile; fileRef = 4D1DC921200CB2890004675F /* UIColor+TLColors.swift */; };
		4D1DC924200CD50E0004675F /* PageViewController.swift in Sources */ = {isa = PBXBuildFile; fileRef = 4D1DC923200CD50E0004675F /* PageViewController.swift */; };
		4D1DC928200CD54E0004675F /* PageViewController.xib in Resources */ = {isa = PBXBuildFile; fileRef = 4D1DC927200CD54E0004675F /* PageViewController.xib */; };
		4D1DC92E200CDA510004675F /* TabBarController.swift in Sources */ = {isa = PBXBuildFile; fileRef = 4D1DC92D200CDA510004675F /* TabBarController.swift */; };
		4D1DC932200CDD4E0004675F /* ConnectionsViewController.swift in Sources */ = {isa = PBXBuildFile; fileRef = 4D1DC930200CDD4E0004675F /* ConnectionsViewController.swift */; };
		4D1DC933200CDD4E0004675F /* ConnectionsViewController.xib in Resources */ = {isa = PBXBuildFile; fileRef = 4D1DC931200CDD4E0004675F /* ConnectionsViewController.xib */; };
		4D1DC936200CDD790004675F /* ITAYViewController.swift in Sources */ = {isa = PBXBuildFile; fileRef = 4D1DC934200CDD790004675F /* ITAYViewController.swift */; };
		4D1DC937200CDD790004675F /* ITAYViewController.xib in Resources */ = {isa = PBXBuildFile; fileRef = 4D1DC935200CDD790004675F /* ITAYViewController.xib */; };
		4D1DC93C200CE30E0004675F /* DefaultNavBar.swift in Sources */ = {isa = PBXBuildFile; fileRef = 4D1DC93B200CE30E0004675F /* DefaultNavBar.swift */; };
		4D1DC93E200CE9790004675F /* Abel-Regular.ttf in Resources */ = {isa = PBXBuildFile; fileRef = 4D1DC93D200CE9790004675F /* Abel-Regular.ttf */; };
		4D1DC941200CEA280004675F /* UIFont+TLFonts.swift in Sources */ = {isa = PBXBuildFile; fileRef = 4D1DC940200CEA280004675F /* UIFont+TLFonts.swift */; };
		4D1DC943200CFFC40004675F /* UIView+Borders.swift in Sources */ = {isa = PBXBuildFile; fileRef = 4D1DC942200CFFC40004675F /* UIView+Borders.swift */; };
		4D1DC945200D02780004675F /* EmptyView.swift in Sources */ = {isa = PBXBuildFile; fileRef = 4D1DC944200D02780004675F /* EmptyView.swift */; };
		4D8BDB4B200D980D00BD1D28 /* ConnectionTableViewCell.swift in Sources */ = {isa = PBXBuildFile; fileRef = 4D8BDB49200D980D00BD1D28 /* ConnectionTableViewCell.swift */; };
		4D8BDB4C200D980D00BD1D28 /* ConnectionTableViewCell.xib in Resources */ = {isa = PBXBuildFile; fileRef = 4D8BDB4A200D980D00BD1D28 /* ConnectionTableViewCell.xib */; };
		4D8BDB50200DAA5500BD1D28 /* MMSlidingButton.swift in Sources */ = {isa = PBXBuildFile; fileRef = 4D8BDB4F200DAA5500BD1D28 /* MMSlidingButton.swift */; };
		4DA3205A200E04D400950DC1 /* UITextfield+Bottomborder.swift in Sources */ = {isa = PBXBuildFile; fileRef = 4DA32059200E04D400950DC1 /* UITextfield+Bottomborder.swift */; };
		4DA3205C200E053800950DC1 /* DesignableTextField.swift in Sources */ = {isa = PBXBuildFile; fileRef = 4DA3205B200E053800950DC1 /* DesignableTextField.swift */; };
		4DA32063200E102800950DC1 /* SignupViewController.swift in Sources */ = {isa = PBXBuildFile; fileRef = 4DA32061200E102800950DC1 /* SignupViewController.swift */; };
		4DA32064200E102800950DC1 /* SignupViewController.xib in Resources */ = {isa = PBXBuildFile; fileRef = 4DA32062200E102800950DC1 /* SignupViewController.xib */; };
		4DA3206D200E246700950DC1 /* LocalStorageManager.swift in Sources */ = {isa = PBXBuildFile; fileRef = 4DA3206C200E246700950DC1 /* LocalStorageManager.swift */; };
		4DA3206F200E2D5300950DC1 /* ItayRequest.swift in Sources */ = {isa = PBXBuildFile; fileRef = 4DA3206E200E2D5300950DC1 /* ItayRequest.swift */; };
		4DA9DEBE200DD399003EEFEB /* ServerRequest.swift in Sources */ = {isa = PBXBuildFile; fileRef = 4DA9DEBD200DD399003EEFEB /* ServerRequest.swift */; };
		4DA9DEC3200DDFD6003EEFEB /* User.swift in Sources */ = {isa = PBXBuildFile; fileRef = 4DA9DEC2200DDFD6003EEFEB /* User.swift */; };
		4DA9DEC6200DE28D003EEFEB /* Connection.swift in Sources */ = {isa = PBXBuildFile; fileRef = 4DA9DEC5200DE28D003EEFEB /* Connection.swift */; };
		4DA9DEC8200DE76D003EEFEB /* Itay.swift in Sources */ = {isa = PBXBuildFile; fileRef = 4DA9DEC7200DE76D003EEFEB /* Itay.swift */; };
		4DA9DECA200DE8FD003EEFEB /* String+Date.swift in Sources */ = {isa = PBXBuildFile; fileRef = 4DA9DEC9200DE8FD003EEFEB /* String+Date.swift */; };
		4DA9DECC200DF0D3003EEFEB /* UserRequest.swift in Sources */ = {isa = PBXBuildFile; fileRef = 4DA9DECB200DF0D3003EEFEB /* UserRequest.swift */; };
		4DA9DECF200E02F1003EEFEB /* LoginViewController.swift in Sources */ = {isa = PBXBuildFile; fileRef = 4DA9DECD200E02F1003EEFEB /* LoginViewController.swift */; };
		4DA9DED0200E02F1003EEFEB /* LoginViewController.xib in Resources */ = {isa = PBXBuildFile; fileRef = 4DA9DECE200E02F1003EEFEB /* LoginViewController.xib */; };
/* End PBXBuildFile section */

/* Begin PBXContainerItemProxy section */
		4D1DC900200CB0AE0004675F /* PBXContainerItemProxy */ = {
			isa = PBXContainerItemProxy;
			containerPortal = 4D1DC8E0200CB0AE0004675F /* Project object */;
			proxyType = 1;
			remoteGlobalIDString = 4D1DC8E7200CB0AE0004675F;
			remoteInfo = TrueLink;
		};
		4D1DC90B200CB0AE0004675F /* PBXContainerItemProxy */ = {
			isa = PBXContainerItemProxy;
			containerPortal = 4D1DC8E0200CB0AE0004675F /* Project object */;
			proxyType = 1;
			remoteGlobalIDString = 4D1DC8E7200CB0AE0004675F;
			remoteInfo = TrueLink;
		};
/* End PBXContainerItemProxy section */

/* Begin PBXFileReference section */
		4D1DC8E8200CB0AE0004675F /* TrueLink.app */ = {isa = PBXFileReference; explicitFileType = wrapper.application; includeInIndex = 0; path = TrueLink.app; sourceTree = BUILT_PRODUCTS_DIR; };
		4D1DC8EB200CB0AE0004675F /* AppDelegate.swift */ = {isa = PBXFileReference; lastKnownFileType = sourcecode.swift; path = AppDelegate.swift; sourceTree = "<group>"; };
		4D1DC8F0200CB0AE0004675F /* Base */ = {isa = PBXFileReference; lastKnownFileType = file.storyboard; name = Base; path = Base.lproj/Main.storyboard; sourceTree = "<group>"; };
		4D1DC8F3200CB0AE0004675F /* TrueLink.xcdatamodel */ = {isa = PBXFileReference; lastKnownFileType = wrapper.xcdatamodel; path = TrueLink.xcdatamodel; sourceTree = "<group>"; };
		4D1DC8F5200CB0AE0004675F /* Assets.xcassets */ = {isa = PBXFileReference; lastKnownFileType = folder.assetcatalog; path = Assets.xcassets; sourceTree = "<group>"; };
		4D1DC8F8200CB0AE0004675F /* Base */ = {isa = PBXFileReference; lastKnownFileType = file.storyboard; name = Base; path = Base.lproj/LaunchScreen.storyboard; sourceTree = "<group>"; };
		4D1DC8FA200CB0AE0004675F /* Info.plist */ = {isa = PBXFileReference; lastKnownFileType = text.plist.xml; path = Info.plist; sourceTree = "<group>"; };
		4D1DC8FF200CB0AE0004675F /* TrueLinkTests.xctest */ = {isa = PBXFileReference; explicitFileType = wrapper.cfbundle; includeInIndex = 0; path = TrueLinkTests.xctest; sourceTree = BUILT_PRODUCTS_DIR; };
		4D1DC903200CB0AE0004675F /* TrueLinkTests.swift */ = {isa = PBXFileReference; lastKnownFileType = sourcecode.swift; path = TrueLinkTests.swift; sourceTree = "<group>"; };
		4D1DC905200CB0AE0004675F /* Info.plist */ = {isa = PBXFileReference; lastKnownFileType = text.plist.xml; path = Info.plist; sourceTree = "<group>"; };
		4D1DC90A200CB0AE0004675F /* TrueLinkUITests.xctest */ = {isa = PBXFileReference; explicitFileType = wrapper.cfbundle; includeInIndex = 0; path = TrueLinkUITests.xctest; sourceTree = BUILT_PRODUCTS_DIR; };
		4D1DC90E200CB0AE0004675F /* TrueLinkUITests.swift */ = {isa = PBXFileReference; lastKnownFileType = sourcecode.swift; path = TrueLinkUITests.swift; sourceTree = "<group>"; };
		4D1DC910200CB0AE0004675F /* Info.plist */ = {isa = PBXFileReference; lastKnownFileType = text.plist.xml; path = Info.plist; sourceTree = "<group>"; };
		4D1DC921200CB2890004675F /* UIColor+TLColors.swift */ = {isa = PBXFileReference; fileEncoding = 4; lastKnownFileType = sourcecode.swift; path = "UIColor+TLColors.swift"; sourceTree = "<group>"; };
		4D1DC923200CD50E0004675F /* PageViewController.swift */ = {isa = PBXFileReference; fileEncoding = 4; lastKnownFileType = sourcecode.swift; path = PageViewController.swift; sourceTree = "<group>"; };
		4D1DC927200CD54E0004675F /* PageViewController.xib */ = {isa = PBXFileReference; fileEncoding = 4; lastKnownFileType = file.xib; path = PageViewController.xib; sourceTree = "<group>"; };
		4D1DC92D200CDA510004675F /* TabBarController.swift */ = {isa = PBXFileReference; fileEncoding = 4; lastKnownFileType = sourcecode.swift; path = TabBarController.swift; sourceTree = "<group>"; };
		4D1DC930200CDD4E0004675F /* ConnectionsViewController.swift */ = {isa = PBXFileReference; fileEncoding = 4; lastKnownFileType = sourcecode.swift; path = ConnectionsViewController.swift; sourceTree = "<group>"; };
		4D1DC931200CDD4E0004675F /* ConnectionsViewController.xib */ = {isa = PBXFileReference; fileEncoding = 4; lastKnownFileType = file.xib; path = ConnectionsViewController.xib; sourceTree = "<group>"; };
		4D1DC934200CDD790004675F /* ITAYViewController.swift */ = {isa = PBXFileReference; fileEncoding = 4; lastKnownFileType = sourcecode.swift; path = ITAYViewController.swift; sourceTree = "<group>"; };
		4D1DC935200CDD790004675F /* ITAYViewController.xib */ = {isa = PBXFileReference; fileEncoding = 4; lastKnownFileType = file.xib; path = ITAYViewController.xib; sourceTree = "<group>"; };
		4D1DC93B200CE30E0004675F /* DefaultNavBar.swift */ = {isa = PBXFileReference; fileEncoding = 4; lastKnownFileType = sourcecode.swift; path = DefaultNavBar.swift; sourceTree = "<group>"; };
		4D1DC93D200CE9790004675F /* Abel-Regular.ttf */ = {isa = PBXFileReference; lastKnownFileType = file; path = "Abel-Regular.ttf"; sourceTree = "<group>"; };
		4D1DC940200CEA280004675F /* UIFont+TLFonts.swift */ = {isa = PBXFileReference; fileEncoding = 4; lastKnownFileType = sourcecode.swift; path = "UIFont+TLFonts.swift"; sourceTree = "<group>"; };
		4D1DC942200CFFC40004675F /* UIView+Borders.swift */ = {isa = PBXFileReference; fileEncoding = 4; lastKnownFileType = sourcecode.swift; path = "UIView+Borders.swift"; sourceTree = "<group>"; };
		4D1DC944200D02780004675F /* EmptyView.swift */ = {isa = PBXFileReference; fileEncoding = 4; lastKnownFileType = sourcecode.swift; path = EmptyView.swift; sourceTree = "<group>"; };
		4D8BDB49200D980D00BD1D28 /* ConnectionTableViewCell.swift */ = {isa = PBXFileReference; fileEncoding = 4; lastKnownFileType = sourcecode.swift; path = ConnectionTableViewCell.swift; sourceTree = "<group>"; };
		4D8BDB4A200D980D00BD1D28 /* ConnectionTableViewCell.xib */ = {isa = PBXFileReference; fileEncoding = 4; lastKnownFileType = file.xib; path = ConnectionTableViewCell.xib; sourceTree = "<group>"; };
		4D8BDB4F200DAA5500BD1D28 /* MMSlidingButton.swift */ = {isa = PBXFileReference; fileEncoding = 4; lastKnownFileType = sourcecode.swift; path = MMSlidingButton.swift; sourceTree = "<group>"; };
		4DA32059200E04D400950DC1 /* UITextfield+Bottomborder.swift */ = {isa = PBXFileReference; fileEncoding = 4; lastKnownFileType = sourcecode.swift; path = "UITextfield+Bottomborder.swift"; sourceTree = "<group>"; };
		4DA3205B200E053800950DC1 /* DesignableTextField.swift */ = {isa = PBXFileReference; fileEncoding = 4; lastKnownFileType = sourcecode.swift; path = DesignableTextField.swift; sourceTree = "<group>"; };
		4DA32061200E102800950DC1 /* SignupViewController.swift */ = {isa = PBXFileReference; fileEncoding = 4; lastKnownFileType = sourcecode.swift; path = SignupViewController.swift; sourceTree = "<group>"; };
		4DA32062200E102800950DC1 /* SignupViewController.xib */ = {isa = PBXFileReference; fileEncoding = 4; lastKnownFileType = file.xib; path = SignupViewController.xib; sourceTree = "<group>"; };
		4DA3206C200E246700950DC1 /* LocalStorageManager.swift */ = {isa = PBXFileReference; fileEncoding = 4; lastKnownFileType = sourcecode.swift; path = LocalStorageManager.swift; sourceTree = "<group>"; };
		4DA3206E200E2D5300950DC1 /* ItayRequest.swift */ = {isa = PBXFileReference; fileEncoding = 4; lastKnownFileType = sourcecode.swift; path = ItayRequest.swift; sourceTree = "<group>"; };
		4DA9DEBD200DD399003EEFEB /* ServerRequest.swift */ = {isa = PBXFileReference; fileEncoding = 4; lastKnownFileType = sourcecode.swift; path = ServerRequest.swift; sourceTree = "<group>"; };
		4DA9DEC2200DDFD6003EEFEB /* User.swift */ = {isa = PBXFileReference; fileEncoding = 4; lastKnownFileType = sourcecode.swift; path = User.swift; sourceTree = "<group>"; };
		4DA9DEC5200DE28D003EEFEB /* Connection.swift */ = {isa = PBXFileReference; fileEncoding = 4; lastKnownFileType = sourcecode.swift; path = Connection.swift; sourceTree = "<group>"; };
		4DA9DEC7200DE76D003EEFEB /* Itay.swift */ = {isa = PBXFileReference; fileEncoding = 4; lastKnownFileType = sourcecode.swift; path = Itay.swift; sourceTree = "<group>"; };
		4DA9DEC9200DE8FD003EEFEB /* String+Date.swift */ = {isa = PBXFileReference; fileEncoding = 4; lastKnownFileType = sourcecode.swift; path = "String+Date.swift"; sourceTree = "<group>"; };
		4DA9DECB200DF0D3003EEFEB /* UserRequest.swift */ = {isa = PBXFileReference; fileEncoding = 4; lastKnownFileType = sourcecode.swift; path = UserRequest.swift; sourceTree = "<group>"; };
		4DA9DECD200E02F1003EEFEB /* LoginViewController.swift */ = {isa = PBXFileReference; fileEncoding = 4; lastKnownFileType = sourcecode.swift; path = LoginViewController.swift; sourceTree = "<group>"; };
		4DA9DECE200E02F1003EEFEB /* LoginViewController.xib */ = {isa = PBXFileReference; fileEncoding = 4; lastKnownFileType = file.xib; path = LoginViewController.xib; sourceTree = "<group>"; };
		77A36E6F6AC745E977A58FD6 /* Pods-TrueLink.release.xcconfig */ = {isa = PBXFileReference; includeInIndex = 1; lastKnownFileType = text.xcconfig; name = "Pods-TrueLink.release.xcconfig"; path = "Pods/Target Support Files/Pods-TrueLink/Pods-TrueLink.release.xcconfig"; sourceTree = "<group>"; };
		7909133C9C74E9D0C5C3E715 /* Pods_TrueLink.framework */ = {isa = PBXFileReference; explicitFileType = wrapper.framework; includeInIndex = 0; path = Pods_TrueLink.framework; sourceTree = BUILT_PRODUCTS_DIR; };
		A06E93E37A2DF2AF87455C16 /* Pods-TrueLink.debug.xcconfig */ = {isa = PBXFileReference; includeInIndex = 1; lastKnownFileType = text.xcconfig; name = "Pods-TrueLink.debug.xcconfig"; path = "Pods/Target Support Files/Pods-TrueLink/Pods-TrueLink.debug.xcconfig"; sourceTree = "<group>"; };
/* End PBXFileReference section */

/* Begin PBXFrameworksBuildPhase section */
		4D1DC8E5200CB0AE0004675F /* Frameworks */ = {
			isa = PBXFrameworksBuildPhase;
			buildActionMask = 2147483647;
			files = (
				4747CC98BCE84C8E5B05336E /* Pods_TrueLink.framework in Frameworks */,
			);
			runOnlyForDeploymentPostprocessing = 0;
		};
		4D1DC8FC200CB0AE0004675F /* Frameworks */ = {
			isa = PBXFrameworksBuildPhase;
			buildActionMask = 2147483647;
			files = (
			);
			runOnlyForDeploymentPostprocessing = 0;
		};
		4D1DC907200CB0AE0004675F /* Frameworks */ = {
			isa = PBXFrameworksBuildPhase;
			buildActionMask = 2147483647;
			files = (
			);
			runOnlyForDeploymentPostprocessing = 0;
		};
/* End PBXFrameworksBuildPhase section */

/* Begin PBXGroup section */
		4D1DC8DF200CB0AE0004675F = {
			isa = PBXGroup;
			children = (
				4D1DC8EA200CB0AE0004675F /* TrueLink */,
				4D1DC902200CB0AE0004675F /* TrueLinkTests */,
				4D1DC90D200CB0AE0004675F /* TrueLinkUITests */,
				4D1DC8E9200CB0AE0004675F /* Products */,
				53913BD2F4B4C24EEB504B47 /* Pods */,
				7EBD759FD9302D6E6782D055 /* Frameworks */,
			);
			sourceTree = "<group>";
		};
		4D1DC8E9200CB0AE0004675F /* Products */ = {
			isa = PBXGroup;
			children = (
				4D1DC8E8200CB0AE0004675F /* TrueLink.app */,
				4D1DC8FF200CB0AE0004675F /* TrueLinkTests.xctest */,
				4D1DC90A200CB0AE0004675F /* TrueLinkUITests.xctest */,
			);
			name = Products;
			sourceTree = "<group>";
		};
		4D1DC8EA200CB0AE0004675F /* TrueLink */ = {
			isa = PBXGroup;
			children = (
				4D1DC8EB200CB0AE0004675F /* AppDelegate.swift */,
				4DA9DEBF200DDF80003EEFEB /* ServerRequests */,
				4DA9DEC4200DE13C003EEFEB /* Models */,
				4D8BDB51200DAA6F00BD1D28 /* Views */,
				4DA9DEBA200DD291003EEFEB /* Controllers */,
				4D1DC8EF200CB0AE0004675F /* Main.storyboard */,
				4D1DC8F5200CB0AE0004675F /* Assets.xcassets */,
				4D1DC8F7200CB0AE0004675F /* LaunchScreen.storyboard */,
				4D1DC8FA200CB0AE0004675F /* Info.plist */,
				4D1DC8F2200CB0AE0004675F /* TrueLink.xcdatamodeld */,
				4D1DC93F200CE9A40004675F /* Fonts */,
				4D1DC91E200CB2280004675F /* Extensions */,
			);
			path = TrueLink;
			sourceTree = "<group>";
		};
		4D1DC902200CB0AE0004675F /* TrueLinkTests */ = {
			isa = PBXGroup;
			children = (
				4D1DC903200CB0AE0004675F /* TrueLinkTests.swift */,
				4D1DC905200CB0AE0004675F /* Info.plist */,
			);
			path = TrueLinkTests;
			sourceTree = "<group>";
		};
		4D1DC90D200CB0AE0004675F /* TrueLinkUITests */ = {
			isa = PBXGroup;
			children = (
				4D1DC90E200CB0AE0004675F /* TrueLinkUITests.swift */,
				4D1DC910200CB0AE0004675F /* Info.plist */,
			);
			path = TrueLinkUITests;
			sourceTree = "<group>";
		};
		4D1DC91E200CB2280004675F /* Extensions */ = {
			isa = PBXGroup;
			children = (
				4D1DC921200CB2890004675F /* UIColor+TLColors.swift */,
				4DA32059200E04D400950DC1 /* UITextfield+Bottomborder.swift */,
				4D1DC942200CFFC40004675F /* UIView+Borders.swift */,
				4D1DC940200CEA280004675F /* UIFont+TLFonts.swift */,
				4DA9DEC9200DE8FD003EEFEB /* String+Date.swift */,
			);
			name = Extensions;
			sourceTree = "<group>";
		};
		4D1DC92A200CD8880004675F /* PageViewController */ = {
			isa = PBXGroup;
			children = (
				4D1DC923200CD50E0004675F /* PageViewController.swift */,
				4D1DC927200CD54E0004675F /* PageViewController.xib */,
			);
			name = PageViewController;
			sourceTree = "<group>";
		};
		4D1DC92F200CDD1F0004675F /* ConnectionsViewController */ = {
			isa = PBXGroup;
			children = (
				4D1DC930200CDD4E0004675F /* ConnectionsViewController.swift */,
				4D1DC931200CDD4E0004675F /* ConnectionsViewController.xib */,
			);
			name = ConnectionsViewController;
			sourceTree = "<group>";
		};
		4D1DC938200CDD920004675F /* ITAYViewControler */ = {
			isa = PBXGroup;
			children = (
				4D1DC934200CDD790004675F /* ITAYViewController.swift */,
				4D1DC935200CDD790004675F /* ITAYViewController.xib */,
			);
			name = ITAYViewControler;
			sourceTree = "<group>";
		};
		4D1DC93F200CE9A40004675F /* Fonts */ = {
			isa = PBXGroup;
			children = (
				4D1DC93D200CE9790004675F /* Abel-Regular.ttf */,
			);
			name = Fonts;
			sourceTree = "<group>";
		};
		4D8BDB4E200D9C5800BD1D28 /* ConnectionTableViewCell */ = {
			isa = PBXGroup;
			children = (
				4D8BDB49200D980D00BD1D28 /* ConnectionTableViewCell.swift */,
				4D8BDB4A200D980D00BD1D28 /* ConnectionTableViewCell.xib */,
			);
			name = ConnectionTableViewCell;
			sourceTree = "<group>";
		};
		4D8BDB51200DAA6F00BD1D28 /* Views */ = {
			isa = PBXGroup;
			children = (
				4D8BDB4E200D9C5800BD1D28 /* ConnectionTableViewCell */,
				4D1DC93B200CE30E0004675F /* DefaultNavBar.swift */,
				4DA3205B200E053800950DC1 /* DesignableTextField.swift */,
				4D8BDB4F200DAA5500BD1D28 /* MMSlidingButton.swift */,
				4D1DC944200D02780004675F /* EmptyView.swift */,
			);
			name = Views;
			sourceTree = "<group>";
		};
		4DA32066200E177800950DC1 /* SignupViewController */ = {
			isa = PBXGroup;
			children = (
				4DA32061200E102800950DC1 /* SignupViewController.swift */,
				4DA32062200E102800950DC1 /* SignupViewController.xib */,
			);
			name = SignupViewController;
			sourceTree = "<group>";
		};
		4DA32067200E178D00950DC1 /* LoginViewController */ = {
			isa = PBXGroup;
			children = (
				4DA9DECD200E02F1003EEFEB /* LoginViewController.swift */,
				4DA9DECE200E02F1003EEFEB /* LoginViewController.xib */,
			);
			name = LoginViewController;
			sourceTree = "<group>";
		};
		4DA9DEBA200DD291003EEFEB /* Controllers */ = {
			isa = PBXGroup;
			children = (
				4DA32066200E177800950DC1 /* SignupViewController */,
				4DA32067200E178D00950DC1 /* LoginViewController */,
				4D1DC92F200CDD1F0004675F /* ConnectionsViewController */,
				4D1DC938200CDD920004675F /* ITAYViewControler */,
				4D1DC92A200CD8880004675F /* PageViewController */,
				4D1DC92D200CDA510004675F /* TabBarController.swift */,
			);
			name = Controllers;
			sourceTree = "<group>";
		};
		4DA9DEBF200DDF80003EEFEB /* ServerRequests */ = {
			isa = PBXGroup;
			children = (
				4DA9DECB200DF0D3003EEFEB /* UserRequest.swift */,
				4DA3206E200E2D5300950DC1 /* ItayRequest.swift */,
				4DA9DEBD200DD399003EEFEB /* ServerRequest.swift */,
				4DA3206C200E246700950DC1 /* LocalStorageManager.swift */,
			);
			name = ServerRequests;
			sourceTree = "<group>";
		};
		4DA9DEC4200DE13C003EEFEB /* Models */ = {
			isa = PBXGroup;
			children = (
				4DA9DEC2200DDFD6003EEFEB /* User.swift */,
				4DA9DEC5200DE28D003EEFEB /* Connection.swift */,
				4DA9DEC7200DE76D003EEFEB /* Itay.swift */,
			);
			name = Models;
			sourceTree = "<group>";
		};
		53913BD2F4B4C24EEB504B47 /* Pods */ = {
			isa = PBXGroup;
			children = (
				A06E93E37A2DF2AF87455C16 /* Pods-TrueLink.debug.xcconfig */,
				77A36E6F6AC745E977A58FD6 /* Pods-TrueLink.release.xcconfig */,
			);
			name = Pods;
			sourceTree = "<group>";
		};
		7EBD759FD9302D6E6782D055 /* Frameworks */ = {
			isa = PBXGroup;
			children = (
				7909133C9C74E9D0C5C3E715 /* Pods_TrueLink.framework */,
			);
			name = Frameworks;
			sourceTree = "<group>";
		};
/* End PBXGroup section */

/* Begin PBXNativeTarget section */
		4D1DC8E7200CB0AE0004675F /* TrueLink */ = {
			isa = PBXNativeTarget;
			buildConfigurationList = 4D1DC913200CB0AE0004675F /* Build configuration list for PBXNativeTarget "TrueLink" */;
			buildPhases = (
				DA0B4D7C5A8DEF4DFC5FB38D /* [CP] Check Pods Manifest.lock */,
				4D1DC8E4200CB0AE0004675F /* Sources */,
				4D1DC8E5200CB0AE0004675F /* Frameworks */,
				4D1DC8E6200CB0AE0004675F /* Resources */,
				00367261A4ED5A0BE9AA57CE /* [CP] Embed Pods Frameworks */,
				E93F96C86777C3712041633C /* [CP] Copy Pods Resources */,
			);
			buildRules = (
			);
			dependencies = (
			);
			name = TrueLink;
			productName = TrueLink;
			productReference = 4D1DC8E8200CB0AE0004675F /* TrueLink.app */;
			productType = "com.apple.product-type.application";
		};
		4D1DC8FE200CB0AE0004675F /* TrueLinkTests */ = {
			isa = PBXNativeTarget;
			buildConfigurationList = 4D1DC916200CB0AE0004675F /* Build configuration list for PBXNativeTarget "TrueLinkTests" */;
			buildPhases = (
				4D1DC8FB200CB0AE0004675F /* Sources */,
				4D1DC8FC200CB0AE0004675F /* Frameworks */,
				4D1DC8FD200CB0AE0004675F /* Resources */,
			);
			buildRules = (
			);
			dependencies = (
				4D1DC901200CB0AE0004675F /* PBXTargetDependency */,
			);
			name = TrueLinkTests;
			productName = TrueLinkTests;
			productReference = 4D1DC8FF200CB0AE0004675F /* TrueLinkTests.xctest */;
			productType = "com.apple.product-type.bundle.unit-test";
		};
		4D1DC909200CB0AE0004675F /* TrueLinkUITests */ = {
			isa = PBXNativeTarget;
			buildConfigurationList = 4D1DC919200CB0AE0004675F /* Build configuration list for PBXNativeTarget "TrueLinkUITests" */;
			buildPhases = (
				4D1DC906200CB0AE0004675F /* Sources */,
				4D1DC907200CB0AE0004675F /* Frameworks */,
				4D1DC908200CB0AE0004675F /* Resources */,
			);
			buildRules = (
			);
			dependencies = (
				4D1DC90C200CB0AE0004675F /* PBXTargetDependency */,
			);
			name = TrueLinkUITests;
			productName = TrueLinkUITests;
			productReference = 4D1DC90A200CB0AE0004675F /* TrueLinkUITests.xctest */;
			productType = "com.apple.product-type.bundle.ui-testing";
		};
/* End PBXNativeTarget section */

/* Begin PBXProject section */
		4D1DC8E0200CB0AE0004675F /* Project object */ = {
			isa = PBXProject;
			attributes = {
				LastSwiftUpdateCheck = 0830;
				LastUpgradeCheck = 0830;
				ORGANIZATIONNAME = "Phillip Ou";
				TargetAttributes = {
					4D1DC8E7200CB0AE0004675F = {
						CreatedOnToolsVersion = 8.3.2;
						ProvisioningStyle = Automatic;
					};
					4D1DC8FE200CB0AE0004675F = {
						CreatedOnToolsVersion = 8.3.2;
						ProvisioningStyle = Automatic;
						TestTargetID = 4D1DC8E7200CB0AE0004675F;
					};
					4D1DC909200CB0AE0004675F = {
						CreatedOnToolsVersion = 8.3.2;
						ProvisioningStyle = Automatic;
						TestTargetID = 4D1DC8E7200CB0AE0004675F;
					};
				};
			};
			buildConfigurationList = 4D1DC8E3200CB0AE0004675F /* Build configuration list for PBXProject "TrueLink" */;
			compatibilityVersion = "Xcode 3.2";
			developmentRegion = English;
			hasScannedForEncodings = 0;
			knownRegions = (
				en,
				Base,
			);
			mainGroup = 4D1DC8DF200CB0AE0004675F;
			productRefGroup = 4D1DC8E9200CB0AE0004675F /* Products */;
			projectDirPath = "";
			projectRoot = "";
			targets = (
				4D1DC8E7200CB0AE0004675F /* TrueLink */,
				4D1DC8FE200CB0AE0004675F /* TrueLinkTests */,
				4D1DC909200CB0AE0004675F /* TrueLinkUITests */,
			);
		};
/* End PBXProject section */

/* Begin PBXResourcesBuildPhase section */
		4D1DC8E6200CB0AE0004675F /* Resources */ = {
			isa = PBXResourcesBuildPhase;
			buildActionMask = 2147483647;
			files = (
				4D1DC8F9200CB0AE0004675F /* LaunchScreen.storyboard in Resources */,
				4D1DC8F6200CB0AE0004675F /* Assets.xcassets in Resources */,
				4D1DC8F1200CB0AE0004675F /* Main.storyboard in Resources */,
				4D1DC93E200CE9790004675F /* Abel-Regular.ttf in Resources */,
				4D1DC937200CDD790004675F /* ITAYViewController.xib in Resources */,
				4D1DC928200CD54E0004675F /* PageViewController.xib in Resources */,
				4DA32064200E102800950DC1 /* SignupViewController.xib in Resources */,
				4D1DC933200CDD4E0004675F /* ConnectionsViewController.xib in Resources */,
				4D8BDB4C200D980D00BD1D28 /* ConnectionTableViewCell.xib in Resources */,
				4DA9DED0200E02F1003EEFEB /* LoginViewController.xib in Resources */,
			);
			runOnlyForDeploymentPostprocessing = 0;
		};
		4D1DC8FD200CB0AE0004675F /* Resources */ = {
			isa = PBXResourcesBuildPhase;
			buildActionMask = 2147483647;
			files = (
			);
			runOnlyForDeploymentPostprocessing = 0;
		};
		4D1DC908200CB0AE0004675F /* Resources */ = {
			isa = PBXResourcesBuildPhase;
			buildActionMask = 2147483647;
			files = (
			);
			runOnlyForDeploymentPostprocessing = 0;
		};
/* End PBXResourcesBuildPhase section */

/* Begin PBXShellScriptBuildPhase section */
		00367261A4ED5A0BE9AA57CE /* [CP] Embed Pods Frameworks */ = {
			isa = PBXShellScriptBuildPhase;
			buildActionMask = 2147483647;
			files = (
			);
			inputPaths = (
				"${SRCROOT}/Pods/Target Support Files/Pods-TrueLink/Pods-TrueLink-frameworks.sh",
				"${BUILT_PRODUCTS_DIR}/Alamofire/Alamofire.framework",
				"${BUILT_PRODUCTS_DIR}/KeychainAccess/KeychainAccess.framework",
				"${BUILT_PRODUCTS_DIR}/SwiftyJSON/SwiftyJSON.framework",
			);
			name = "[CP] Embed Pods Frameworks";
			outputPaths = (
				"${TARGET_BUILD_DIR}/${FRAMEWORKS_FOLDER_PATH}/Alamofire.framework",
				"${TARGET_BUILD_DIR}/${FRAMEWORKS_FOLDER_PATH}/KeychainAccess.framework",
				"${TARGET_BUILD_DIR}/${FRAMEWORKS_FOLDER_PATH}/SwiftyJSON.framework",
			);
			runOnlyForDeploymentPostprocessing = 0;
			shellPath = /bin/sh;
			shellScript = "\"${SRCROOT}/Pods/Target Support Files/Pods-TrueLink/Pods-TrueLink-frameworks.sh\"\n";
			showEnvVarsInLog = 0;
		};
		DA0B4D7C5A8DEF4DFC5FB38D /* [CP] Check Pods Manifest.lock */ = {
			isa = PBXShellScriptBuildPhase;
			buildActionMask = 2147483647;
			files = (
			);
			inputPaths = (
				"${PODS_PODFILE_DIR_PATH}/Podfile.lock",
				"${PODS_ROOT}/Manifest.lock",
			);
			name = "[CP] Check Pods Manifest.lock";
			outputPaths = (
				"$(DERIVED_FILE_DIR)/Pods-TrueLink-checkManifestLockResult.txt",
			);
			runOnlyForDeploymentPostprocessing = 0;
			shellPath = /bin/sh;
			shellScript = "diff \"${PODS_PODFILE_DIR_PATH}/Podfile.lock\" \"${PODS_ROOT}/Manifest.lock\" > /dev/null\nif [ $? != 0 ] ; then\n    # print error to STDERR\n    echo \"error: The sandbox is not in sync with the Podfile.lock. Run 'pod install' or update your CocoaPods installation.\" >&2\n    exit 1\nfi\n# This output is used by Xcode 'outputs' to avoid re-running this script phase.\necho \"SUCCESS\" > \"${SCRIPT_OUTPUT_FILE_0}\"\n";
			showEnvVarsInLog = 0;
		};
		E93F96C86777C3712041633C /* [CP] Copy Pods Resources */ = {
			isa = PBXShellScriptBuildPhase;
			buildActionMask = 2147483647;
			files = (
			);
			inputPaths = (
			);
			name = "[CP] Copy Pods Resources";
			outputPaths = (
			);
			runOnlyForDeploymentPostprocessing = 0;
			shellPath = /bin/sh;
			shellScript = "\"${SRCROOT}/Pods/Target Support Files/Pods-TrueLink/Pods-TrueLink-resources.sh\"\n";
			showEnvVarsInLog = 0;
		};
/* End PBXShellScriptBuildPhase section */

/* Begin PBXSourcesBuildPhase section */
		4D1DC8E4200CB0AE0004675F /* Sources */ = {
			isa = PBXSourcesBuildPhase;
			buildActionMask = 2147483647;
			files = (
				4D1DC8F4200CB0AE0004675F /* TrueLink.xcdatamodeld in Sources */,
				4D1DC936200CDD790004675F /* ITAYViewController.swift in Sources */,
				4DA9DEBE200DD399003EEFEB /* ServerRequest.swift in Sources */,
				4D8BDB50200DAA5500BD1D28 /* MMSlidingButton.swift in Sources */,
				4DA9DECC200DF0D3003EEFEB /* UserRequest.swift in Sources */,
				4D1DC924200CD50E0004675F /* PageViewController.swift in Sources */,
				4DA3205A200E04D400950DC1 /* UITextfield+Bottomborder.swift in Sources */,
				4D1DC945200D02780004675F /* EmptyView.swift in Sources */,
				4D1DC92E200CDA510004675F /* TabBarController.swift in Sources */,
				4DA9DECF200E02F1003EEFEB /* LoginViewController.swift in Sources */,
				4D1DC93C200CE30E0004675F /* DefaultNavBar.swift in Sources */,
				4D1DC943200CFFC40004675F /* UIView+Borders.swift in Sources */,
				4D1DC932200CDD4E0004675F /* ConnectionsViewController.swift in Sources */,
				4DA9DEC3200DDFD6003EEFEB /* User.swift in Sources */,
				4DA9DEC6200DE28D003EEFEB /* Connection.swift in Sources */,
				4DA3206D200E246700950DC1 /* LocalStorageManager.swift in Sources */,
				4DA3205C200E053800950DC1 /* DesignableTextField.swift in Sources */,
				4DA9DEC8200DE76D003EEFEB /* Itay.swift in Sources */,
				4D1DC8EC200CB0AE0004675F /* AppDelegate.swift in Sources */,
				4D1DC922200CB2890004675F /* UIColor+TLColors.swift in Sources */,
				4D8BDB4B200D980D00BD1D28 /* ConnectionTableViewCell.swift in Sources */,
				4DA9DECA200DE8FD003EEFEB /* String+Date.swift in Sources */,
				4DA32063200E102800950DC1 /* SignupViewController.swift in Sources */,
				4DA3206F200E2D5300950DC1 /* ItayRequest.swift in Sources */,
				4D1DC941200CEA280004675F /* UIFont+TLFonts.swift in Sources */,
			);
			runOnlyForDeploymentPostprocessing = 0;
		};
		4D1DC8FB200CB0AE0004675F /* Sources */ = {
			isa = PBXSourcesBuildPhase;
			buildActionMask = 2147483647;
			files = (
				4D1DC904200CB0AE0004675F /* TrueLinkTests.swift in Sources */,
			);
			runOnlyForDeploymentPostprocessing = 0;
		};
		4D1DC906200CB0AE0004675F /* Sources */ = {
			isa = PBXSourcesBuildPhase;
			buildActionMask = 2147483647;
			files = (
				4D1DC90F200CB0AE0004675F /* TrueLinkUITests.swift in Sources */,
			);
			runOnlyForDeploymentPostprocessing = 0;
		};
/* End PBXSourcesBuildPhase section */

/* Begin PBXTargetDependency section */
		4D1DC901200CB0AE0004675F /* PBXTargetDependency */ = {
			isa = PBXTargetDependency;
			target = 4D1DC8E7200CB0AE0004675F /* TrueLink */;
			targetProxy = 4D1DC900200CB0AE0004675F /* PBXContainerItemProxy */;
		};
		4D1DC90C200CB0AE0004675F /* PBXTargetDependency */ = {
			isa = PBXTargetDependency;
			target = 4D1DC8E7200CB0AE0004675F /* TrueLink */;
			targetProxy = 4D1DC90B200CB0AE0004675F /* PBXContainerItemProxy */;
		};
/* End PBXTargetDependency section */

/* Begin PBXVariantGroup section */
		4D1DC8EF200CB0AE0004675F /* Main.storyboard */ = {
			isa = PBXVariantGroup;
			children = (
				4D1DC8F0200CB0AE0004675F /* Base */,
			);
			name = Main.storyboard;
			sourceTree = "<group>";
		};
		4D1DC8F7200CB0AE0004675F /* LaunchScreen.storyboard */ = {
			isa = PBXVariantGroup;
			children = (
				4D1DC8F8200CB0AE0004675F /* Base */,
			);
			name = LaunchScreen.storyboard;
			sourceTree = "<group>";
		};
/* End PBXVariantGroup section */

/* Begin XCBuildConfiguration section */
		4D1DC911200CB0AE0004675F /* Debug */ = {
			isa = XCBuildConfiguration;
			buildSettings = {
				ALWAYS_SEARCH_USER_PATHS = NO;
				CLANG_ANALYZER_NONNULL = YES;
				CLANG_ANALYZER_NUMBER_OBJECT_CONVERSION = YES_AGGRESSIVE;
				CLANG_CXX_LANGUAGE_STANDARD = "gnu++0x";
				CLANG_CXX_LIBRARY = "libc++";
				CLANG_ENABLE_MODULES = YES;
				CLANG_ENABLE_OBJC_ARC = YES;
				CLANG_WARN_BOOL_CONVERSION = YES;
				CLANG_WARN_CONSTANT_CONVERSION = YES;
				CLANG_WARN_DIRECT_OBJC_ISA_USAGE = YES_ERROR;
				CLANG_WARN_DOCUMENTATION_COMMENTS = YES;
				CLANG_WARN_EMPTY_BODY = YES;
				CLANG_WARN_ENUM_CONVERSION = YES;
				CLANG_WARN_INFINITE_RECURSION = YES;
				CLANG_WARN_INT_CONVERSION = YES;
				CLANG_WARN_OBJC_ROOT_CLASS = YES_ERROR;
				CLANG_WARN_SUSPICIOUS_MOVE = YES;
				CLANG_WARN_UNREACHABLE_CODE = YES;
				CLANG_WARN__DUPLICATE_METHOD_MATCH = YES;
				"CODE_SIGN_IDENTITY[sdk=iphoneos*]" = "iPhone Developer";
				COPY_PHASE_STRIP = NO;
				DEBUG_INFORMATION_FORMAT = dwarf;
				ENABLE_STRICT_OBJC_MSGSEND = YES;
				ENABLE_TESTABILITY = YES;
				GCC_C_LANGUAGE_STANDARD = gnu99;
				GCC_DYNAMIC_NO_PIC = NO;
				GCC_NO_COMMON_BLOCKS = YES;
				GCC_OPTIMIZATION_LEVEL = 0;
				GCC_PREPROCESSOR_DEFINITIONS = (
					"DEBUG=1",
					"$(inherited)",
				);
				GCC_WARN_64_TO_32_BIT_CONVERSION = YES;
				GCC_WARN_ABOUT_RETURN_TYPE = YES_ERROR;
				GCC_WARN_UNDECLARED_SELECTOR = YES;
				GCC_WARN_UNINITIALIZED_AUTOS = YES_AGGRESSIVE;
				GCC_WARN_UNUSED_FUNCTION = YES;
				GCC_WARN_UNUSED_VARIABLE = YES;
				IPHONEOS_DEPLOYMENT_TARGET = 10.3;
				MTL_ENABLE_DEBUG_INFO = YES;
				ONLY_ACTIVE_ARCH = YES;
				SDKROOT = iphoneos;
				SWIFT_ACTIVE_COMPILATION_CONDITIONS = DEBUG;
				SWIFT_OPTIMIZATION_LEVEL = "-Onone";
			};
			name = Debug;
		};
		4D1DC912200CB0AE0004675F /* Release */ = {
			isa = XCBuildConfiguration;
			buildSettings = {
				ALWAYS_SEARCH_USER_PATHS = NO;
				CLANG_ANALYZER_NONNULL = YES;
				CLANG_ANALYZER_NUMBER_OBJECT_CONVERSION = YES_AGGRESSIVE;
				CLANG_CXX_LANGUAGE_STANDARD = "gnu++0x";
				CLANG_CXX_LIBRARY = "libc++";
				CLANG_ENABLE_MODULES = YES;
				CLANG_ENABLE_OBJC_ARC = YES;
				CLANG_WARN_BOOL_CONVERSION = YES;
				CLANG_WARN_CONSTANT_CONVERSION = YES;
				CLANG_WARN_DIRECT_OBJC_ISA_USAGE = YES_ERROR;
				CLANG_WARN_DOCUMENTATION_COMMENTS = YES;
				CLANG_WARN_EMPTY_BODY = YES;
				CLANG_WARN_ENUM_CONVERSION = YES;
				CLANG_WARN_INFINITE_RECURSION = YES;
				CLANG_WARN_INT_CONVERSION = YES;
				CLANG_WARN_OBJC_ROOT_CLASS = YES_ERROR;
				CLANG_WARN_SUSPICIOUS_MOVE = YES;
				CLANG_WARN_UNREACHABLE_CODE = YES;
				CLANG_WARN__DUPLICATE_METHOD_MATCH = YES;
				"CODE_SIGN_IDENTITY[sdk=iphoneos*]" = "iPhone Developer";
				COPY_PHASE_STRIP = NO;
				DEBUG_INFORMATION_FORMAT = "dwarf-with-dsym";
				ENABLE_NS_ASSERTIONS = NO;
				ENABLE_STRICT_OBJC_MSGSEND = YES;
				GCC_C_LANGUAGE_STANDARD = gnu99;
				GCC_NO_COMMON_BLOCKS = YES;
				GCC_WARN_64_TO_32_BIT_CONVERSION = YES;
				GCC_WARN_ABOUT_RETURN_TYPE = YES_ERROR;
				GCC_WARN_UNDECLARED_SELECTOR = YES;
				GCC_WARN_UNINITIALIZED_AUTOS = YES_AGGRESSIVE;
				GCC_WARN_UNUSED_FUNCTION = YES;
				GCC_WARN_UNUSED_VARIABLE = YES;
				IPHONEOS_DEPLOYMENT_TARGET = 10.3;
				MTL_ENABLE_DEBUG_INFO = NO;
				SDKROOT = iphoneos;
				SWIFT_OPTIMIZATION_LEVEL = "-Owholemodule";
				VALIDATE_PRODUCT = YES;
			};
			name = Release;
		};
		4D1DC914200CB0AE0004675F /* Debug */ = {
			isa = XCBuildConfiguration;
			baseConfigurationReference = A06E93E37A2DF2AF87455C16 /* Pods-TrueLink.debug.xcconfig */;
			buildSettings = {
				ASSETCATALOG_COMPILER_APPICON_NAME = AppIcon;
				INFOPLIST_FILE = TrueLink/Info.plist;
				LD_RUNPATH_SEARCH_PATHS = "$(inherited) @executable_path/Frameworks";
				PRODUCT_BUNDLE_IDENTIFIER = PhillipOu.TrueLink;
				PRODUCT_NAME = "$(TARGET_NAME)";
				SWIFT_VERSION = 3.0;
			};
			name = Debug;
		};
		4D1DC915200CB0AE0004675F /* Release */ = {
			isa = XCBuildConfiguration;
			baseConfigurationReference = 77A36E6F6AC745E977A58FD6 /* Pods-TrueLink.release.xcconfig */;
			buildSettings = {
				ASSETCATALOG_COMPILER_APPICON_NAME = AppIcon;
				INFOPLIST_FILE = TrueLink/Info.plist;
				LD_RUNPATH_SEARCH_PATHS = "$(inherited) @executable_path/Frameworks";
				PRODUCT_BUNDLE_IDENTIFIER = PhillipOu.TrueLink;
				PRODUCT_NAME = "$(TARGET_NAME)";
				SWIFT_VERSION = 3.0;
			};
			name = Release;
		};
		4D1DC917200CB0AE0004675F /* Debug */ = {
			isa = XCBuildConfiguration;
			buildSettings = {
				ALWAYS_EMBED_SWIFT_STANDARD_LIBRARIES = YES;
				BUNDLE_LOADER = "$(TEST_HOST)";
				INFOPLIST_FILE = TrueLinkTests/Info.plist;
				LD_RUNPATH_SEARCH_PATHS = "$(inherited) @executable_path/Frameworks @loader_path/Frameworks";
				PRODUCT_BUNDLE_IDENTIFIER = PhillipOu.TrueLinkTests;
				PRODUCT_NAME = "$(TARGET_NAME)";
				SWIFT_VERSION = 3.0;
				TEST_HOST = "$(BUILT_PRODUCTS_DIR)/TrueLink.app/TrueLink";
			};
			name = Debug;
		};
		4D1DC918200CB0AE0004675F /* Release */ = {
			isa = XCBuildConfiguration;
			buildSettings = {
				ALWAYS_EMBED_SWIFT_STANDARD_LIBRARIES = YES;
				BUNDLE_LOADER = "$(TEST_HOST)";
				INFOPLIST_FILE = TrueLinkTests/Info.plist;
				LD_RUNPATH_SEARCH_PATHS = "$(inherited) @executable_path/Frameworks @loader_path/Frameworks";
				PRODUCT_BUNDLE_IDENTIFIER = PhillipOu.TrueLinkTests;
				PRODUCT_NAME = "$(TARGET_NAME)";
				SWIFT_VERSION = 3.0;
				TEST_HOST = "$(BUILT_PRODUCTS_DIR)/TrueLink.app/TrueLink";
			};
			name = Release;
		};
		4D1DC91A200CB0AE0004675F /* Debug */ = {
			isa = XCBuildConfiguration;
			buildSettings = {
				ALWAYS_EMBED_SWIFT_STANDARD_LIBRARIES = YES;
				INFOPLIST_FILE = TrueLinkUITests/Info.plist;
				LD_RUNPATH_SEARCH_PATHS = "$(inherited) @executable_path/Frameworks @loader_path/Frameworks";
				PRODUCT_BUNDLE_IDENTIFIER = PhillipOu.TrueLinkUITests;
				PRODUCT_NAME = "$(TARGET_NAME)";
				SWIFT_VERSION = 3.0;
				TEST_TARGET_NAME = TrueLink;
			};
			name = Debug;
		};
		4D1DC91B200CB0AE0004675F /* Release */ = {
			isa = XCBuildConfiguration;
			buildSettings = {
				ALWAYS_EMBED_SWIFT_STANDARD_LIBRARIES = YES;
				INFOPLIST_FILE = TrueLinkUITests/Info.plist;
				LD_RUNPATH_SEARCH_PATHS = "$(inherited) @executable_path/Frameworks @loader_path/Frameworks";
				PRODUCT_BUNDLE_IDENTIFIER = PhillipOu.TrueLinkUITests;
				PRODUCT_NAME = "$(TARGET_NAME)";
				SWIFT_VERSION = 3.0;
				TEST_TARGET_NAME = TrueLink;
			};
			name = Release;
		};
/* End XCBuildConfiguration section */

/* Begin XCConfigurationList section */
		4D1DC8E3200CB0AE0004675F /* Build configuration list for PBXProject "TrueLink" */ = {
			isa = XCConfigurationList;
			buildConfigurations = (
				4D1DC911200CB0AE0004675F /* Debug */,
				4D1DC912200CB0AE0004675F /* Release */,
			);
			defaultConfigurationIsVisible = 0;
			defaultConfigurationName = Release;
		};
		4D1DC913200CB0AE0004675F /* Build configuration list for PBXNativeTarget "TrueLink" */ = {
			isa = XCConfigurationList;
			buildConfigurations = (
				4D1DC914200CB0AE0004675F /* Debug */,
				4D1DC915200CB0AE0004675F /* Release */,
			);
			defaultConfigurationIsVisible = 0;
			defaultConfigurationName = Release;
		};
		4D1DC916200CB0AE0004675F /* Build configuration list for PBXNativeTarget "TrueLinkTests" */ = {
			isa = XCConfigurationList;
			buildConfigurations = (
				4D1DC917200CB0AE0004675F /* Debug */,
				4D1DC918200CB0AE0004675F /* Release */,
			);
			defaultConfigurationIsVisible = 0;
			defaultConfigurationName = Release;
		};
		4D1DC919200CB0AE0004675F /* Build configuration list for PBXNativeTarget "TrueLinkUITests" */ = {
			isa = XCConfigurationList;
			buildConfigurations = (
				4D1DC91A200CB0AE0004675F /* Debug */,
				4D1DC91B200CB0AE0004675F /* Release */,
			);
			defaultConfigurationIsVisible = 0;
			defaultConfigurationName = Release;
		};
/* End XCConfigurationList section */

/* Begin XCVersionGroup section */
		4D1DC8F2200CB0AE0004675F /* TrueLink.xcdatamodeld */ = {
			isa = XCVersionGroup;
			children = (
				4D1DC8F3200CB0AE0004675F /* TrueLink.xcdatamodel */,
			);
			currentVersion = 4D1DC8F3200CB0AE0004675F /* TrueLink.xcdatamodel */;
			path = TrueLink.xcdatamodeld;
			sourceTree = "<group>";
			versionGroupType = wrapper.xcdatamodel;
		};
/* End XCVersionGroup section */
	};
	rootObject = 4D1DC8E0200CB0AE0004675F /* Project object */;
}
